
Microsoft Visual Studio Solution File, Format Version 12.00
# Visual Studio Version 17
VisualStudioVersion = 17.8.34330.188
MinimumVisualStudioVersion = 10.0.40219.1
Project("{9A19103F-16F7-4668-BE54-9A1E7A4F7556}") = "SimpleOnlineStore.Api", "SimpleOnlineStore.Api\SimpleOnlineStore.Api.csproj", "{B2CACF11-7EF0-44C5-9C4B-A83885A1F948}"
EndProject
Project("{9A19103F-16F7-4668-BE54-9A1E7A4F7556}") = "SimpleOnlineStore.Tests", "SimpleOnlineStore.Tests\SimpleOnlineStore.Tests.csproj", "{B25F46F4-8BE5-4243-A96F-20657F30DC42}"
EndProject
Global
	GlobalSection(SolutionConfigurationPlatforms) = preSolution
		Debug|Any CPU = Debug|Any CPU
		Release|Any CPU = Release|Any CPU
	EndGlobalSection
	GlobalSection(ProjectConfigurationPlatforms) = postSolution
		{B2CACF11-7EF0-44C5-9C4B-A83885A1F948}.Debug|Any CPU.ActiveCfg = Debug|Any CPU
		{B2CACF11-7EF0-44C5-9C4B-A83885A1F948}.Debug|Any CPU.Build.0 = Debug|Any CPU
		{B2CACF11-7EF0-44C5-9C4B-A83885A1F948}.Release|Any CPU.ActiveCfg = Release|Any CPU
		{B2CACF11-7EF0-44C5-9C4B-A83885A1F948}.Release|Any CPU.Build.0 = Release|Any CPU
		{B25F46F4-8BE5-4243-A96F-20657F30DC42}.Debug|Any CPU.ActiveCfg = Debug|Any CPU
		{B25F46F4-8BE5-4243-A96F-20657F30DC42}.Debug|Any CPU.Build.0 = Debug|Any CPU
		{B25F46F4-8BE5-4243-A96F-20657F30DC42}.Release|Any CPU.ActiveCfg = Release|Any CPU
		{B25F46F4-8BE5-4243-A96F-20657F30DC42}.Release|Any CPU.Build.0 = Release|Any CPU
	EndGlobalSection
	GlobalSection(SolutionProperties) = preSolution
		HideSolutionNode = FALSE
	EndGlobalSection
	GlobalSection(ExtensibilityGlobals) = postSolution
		SolutionGuid = {D0CEDFBA-787D-4903-B630-0306C54A8F44}
	EndGlobalSection
EndGlobal
